
Microsoft Visual Studio Solution File, Format Version 12.00
# Visual Studio Version 16
VisualStudioVersion = 16.0.29609.76
MinimumVisualStudioVersion = 10.0.40219.1
Project("{9A19103F-16F7-4668-BE54-9A1E7A4F7556}") = "Thomerson.Gatlin", "Thomerson.Gatlin\Thomerson.Gatlin.csproj", "{DA7E1168-314A-4839-BE39-E71DB0E051EB}"
EndProject
Project("{9A19103F-16F7-4668-BE54-9A1E7A4F7556}") = "Thomerson.Gatlin.Model", "Thomerson.Gatlin.Model\Thomerson.Gatlin.Model.csproj", "{D9C0D50A-6E95-4434-8C24-B6CAC62A8A8E}"
EndProject
Project("{9A19103F-16F7-4668-BE54-9A1E7A4F7556}") = "Thomerson.Gatlin.Repository", "Thomerson.Gatlin.Repository\Thomerson.Gatlin.Repository.csproj", "{B3DB0053-4309-47A4-9EC8-FD5E1324D7FC}"
EndProject
Project("{9A19103F-16F7-4668-BE54-9A1E7A4F7556}") = "Thomerson.Gatlin.Contract", "Thomerson.Gatlin.Contract\Thomerson.Gatlin.Contract.csproj", "{2C1EFBCE-0976-4F8B-91AE-4B909F26CEBD}"
EndProject
Project("{9A19103F-16F7-4668-BE54-9A1E7A4F7556}") = "Thomerson.Gatlin.Core", "Thomerson.Gatlin.Core\Thomerson.Gatlin.Core.csproj", "{E7A4E949-2BF4-48E0-9A42-1F5C60FFC437}"
EndProject
Project("{9A19103F-16F7-4668-BE54-9A1E7A4F7556}") = "Thomerson.Gatlin.Utils", "Thomerson.Gatlin.Utils\Thomerson.Gatlin.Utils.csproj", "{CD22999A-36FE-4BF4-9DFD-101BC266701D}"
EndProject
Project("{9A19103F-16F7-4668-BE54-9A1E7A4F7556}") = "Thomerson.Gatlin.Migration", "Thomerson.Gatlin.Migration\Thomerson.Gatlin.Migration.csproj", "{B038DE3D-3160-4F5D-93C4-346227847E07}"
EndProject
Global
	GlobalSection(SolutionConfigurationPlatforms) = preSolution
		Debug|Any CPU = Debug|Any CPU
		Release|Any CPU = Release|Any CPU
	EndGlobalSection
	GlobalSection(ProjectConfigurationPlatforms) = postSolution
		{DA7E1168-314A-4839-BE39-E71DB0E051EB}.Debug|Any CPU.ActiveCfg = Debug|Any CPU
		{DA7E1168-314A-4839-BE39-E71DB0E051EB}.Debug|Any CPU.Build.0 = Debug|Any CPU
		{DA7E1168-314A-4839-BE39-E71DB0E051EB}.Release|Any CPU.ActiveCfg = Release|Any CPU
		{DA7E1168-314A-4839-BE39-E71DB0E051EB}.Release|Any CPU.Build.0 = Release|Any CPU
		{D9C0D50A-6E95-4434-8C24-B6CAC62A8A8E}.Debug|Any CPU.ActiveCfg = Debug|Any CPU
		{D9C0D50A-6E95-4434-8C24-B6CAC62A8A8E}.Debug|Any CPU.Build.0 = Debug|Any CPU
		{D9C0D50A-6E95-4434-8C24-B6CAC62A8A8E}.Release|Any CPU.ActiveCfg = Release|Any CPU
		{D9C0D50A-6E95-4434-8C24-B6CAC62A8A8E}.Release|Any CPU.Build.0 = Release|Any CPU
		{B3DB0053-4309-47A4-9EC8-FD5E1324D7FC}.Debug|Any CPU.ActiveCfg = Debug|Any CPU
		{B3DB0053-4309-47A4-9EC8-FD5E1324D7FC}.Debug|Any CPU.Build.0 = Debug|Any CPU
		{B3DB0053-4309-47A4-9EC8-FD5E1324D7FC}.Release|Any CPU.ActiveCfg = Release|Any CPU
		{B3DB0053-4309-47A4-9EC8-FD5E1324D7FC}.Release|Any CPU.Build.0 = Release|Any CPU
		{2C1EFBCE-0976-4F8B-91AE-4B909F26CEBD}.Debug|Any CPU.ActiveCfg = Debug|Any CPU
		{2C1EFBCE-0976-4F8B-91AE-4B909F26CEBD}.Debug|Any CPU.Build.0 = Debug|Any CPU
		{2C1EFBCE-0976-4F8B-91AE-4B909F26CEBD}.Release|Any CPU.ActiveCfg = Release|Any CPU
		{2C1EFBCE-0976-4F8B-91AE-4B909F26CEBD}.Release|Any CPU.Build.0 = Release|Any CPU
		{E7A4E949-2BF4-48E0-9A42-1F5C60FFC437}.Debug|Any CPU.ActiveCfg = Debug|Any CPU
		{E7A4E949-2BF4-48E0-9A42-1F5C60FFC437}.Debug|Any CPU.Build.0 = Debug|Any CPU
		{E7A4E949-2BF4-48E0-9A42-1F5C60FFC437}.Release|Any CPU.ActiveCfg = Release|Any CPU
		{E7A4E949-2BF4-48E0-9A42-1F5C60FFC437}.Release|Any CPU.Build.0 = Release|Any CPU
		{CD22999A-36FE-4BF4-9DFD-101BC266701D}.Debug|Any CPU.ActiveCfg = Debug|Any CPU
		{CD22999A-36FE-4BF4-9DFD-101BC266701D}.Debug|Any CPU.Build.0 = Debug|Any CPU
		{CD22999A-36FE-4BF4-9DFD-101BC266701D}.Release|Any CPU.ActiveCfg = Release|Any CPU
		{CD22999A-36FE-4BF4-9DFD-101BC266701D}.Release|Any CPU.Build.0 = Release|Any CPU
		{B038DE3D-3160-4F5D-93C4-346227847E07}.Debug|Any CPU.ActiveCfg = Debug|Any CPU
		{B038DE3D-3160-4F5D-93C4-346227847E07}.Debug|Any CPU.Build.0 = Debug|Any CPU
		{B038DE3D-3160-4F5D-93C4-346227847E07}.Release|Any CPU.ActiveCfg = Release|Any CPU
		{B038DE3D-3160-4F5D-93C4-346227847E07}.Release|Any CPU.Build.0 = Release|Any CPU
	EndGlobalSection
	GlobalSection(SolutionProperties) = preSolution
		HideSolutionNode = FALSE
	EndGlobalSection
	GlobalSection(ExtensibilityGlobals) = postSolution
		SolutionGuid = {824C9BC7-5A2E-457D-B0D2-961334A743FA}
	EndGlobalSection
EndGlobal
